// !$*UTF8*$!
{
	archiveVersion = 1;
	classes = {
	};
	objectVersion = 56;
	objects = {

/* Begin PBXBuildFile section */
		476FF12C290861E50045E3DC /* BackgroundConnexionScreen.swift in Sources */ = {isa = PBXBuildFile; fileRef = 476FF12B290861E50045E3DC /* BackgroundConnexionScreen.swift */; };
		86BCF4A028F66F2100942758 /* GeraApp.swift in Sources */ = {isa = PBXBuildFile; fileRef = 86BCF49F28F66F2100942758 /* GeraApp.swift */; };
		86BCF4A228F66F2100942758 /* ContentView.swift in Sources */ = {isa = PBXBuildFile; fileRef = 86BCF4A128F66F2100942758 /* ContentView.swift */; };
		86BCF4A428F66F2300942758 /* Assets.xcassets in Resources */ = {isa = PBXBuildFile; fileRef = 86BCF4A328F66F2300942758 /* Assets.xcassets */; };
		86BCF4A728F66F2300942758 /* Preview Assets.xcassets in Resources */ = {isa = PBXBuildFile; fileRef = 86BCF4A628F66F2300942758 /* Preview Assets.xcassets */; };
		86BCF4CE28FF23E100942758 /* GameConnectionManager.swift in Sources */ = {isa = PBXBuildFile; fileRef = 86BCF4CD28FF23E100942758 /* GameConnectionManager.swift */; };
		86DAA03529070B9300CD3577 /* StartScreenView.swift in Sources */ = {isa = PBXBuildFile; fileRef = 86DAA03429070B9300CD3577 /* StartScreenView.swift */; };
		86DAA03729070BA200CD3577 /* ColorTestView.swift in Sources */ = {isa = PBXBuildFile; fileRef = 86DAA03629070BA200CD3577 /* ColorTestView.swift */; };
		86DAA03929070BB600CD3577 /* ConnectScreenView.swift in Sources */ = {isa = PBXBuildFile; fileRef = 86DAA03829070BB600CD3577 /* ConnectScreenView.swift */; };
		86DAA03B29070C4F00CD3577 /* stylePlaceholder.swift in Sources */ = {isa = PBXBuildFile; fileRef = 86DAA03A29070C4F00CD3577 /* stylePlaceholder.swift */; };
		86DAA03F29070C7B00CD3577 /* modelPlaceholder.swift in Sources */ = {isa = PBXBuildFile; fileRef = 86DAA03E29070C7B00CD3577 /* modelPlaceholder.swift */; };
		86DAA0412907246700CD3577 /* Color+hex.swift in Sources */ = {isa = PBXBuildFile; fileRef = 86DAA0402907246700CD3577 /* Color+hex.swift */; };
/* End PBXBuildFile section */

/* Begin PBXFileReference section */
		476FF12B290861E50045E3DC /* BackgroundConnexionScreen.swift */ = {isa = PBXFileReference; lastKnownFileType = sourcecode.swift; path = BackgroundConnexionScreen.swift; sourceTree = "<group>"; };
		8602D0FC290117A200C85A6B /* Info.plist */ = {isa = PBXFileReference; lastKnownFileType = text.plist; path = Info.plist; sourceTree = "<group>"; };
		86BCF49C28F66F2100942758 /* Gera.app */ = {isa = PBXFileReference; explicitFileType = wrapper.application; includeInIndex = 0; path = Gera.app; sourceTree = BUILT_PRODUCTS_DIR; };
		86BCF49F28F66F2100942758 /* GeraApp.swift */ = {isa = PBXFileReference; lastKnownFileType = sourcecode.swift; path = GeraApp.swift; sourceTree = "<group>"; };
		86BCF4A128F66F2100942758 /* ContentView.swift */ = {isa = PBXFileReference; lastKnownFileType = sourcecode.swift; path = ContentView.swift; sourceTree = "<group>"; };
		86BCF4A328F66F2300942758 /* Assets.xcassets */ = {isa = PBXFileReference; lastKnownFileType = folder.assetcatalog; path = Assets.xcassets; sourceTree = "<group>"; };
		86BCF4A628F66F2300942758 /* Preview Assets.xcassets */ = {isa = PBXFileReference; lastKnownFileType = folder.assetcatalog; path = "Preview Assets.xcassets"; sourceTree = "<group>"; };
		86BCF4CD28FF23E100942758 /* GameConnectionManager.swift */ = {isa = PBXFileReference; lastKnownFileType = sourcecode.swift; path = GameConnectionManager.swift; sourceTree = "<group>"; };
		86DAA03429070B9300CD3577 /* StartScreenView.swift */ = {isa = PBXFileReference; lastKnownFileType = sourcecode.swift; path = StartScreenView.swift; sourceTree = "<group>"; };
		86DAA03629070BA200CD3577 /* ColorTestView.swift */ = {isa = PBXFileReference; lastKnownFileType = sourcecode.swift; path = ColorTestView.swift; sourceTree = "<group>"; };
		86DAA03829070BB600CD3577 /* ConnectScreenView.swift */ = {isa = PBXFileReference; lastKnownFileType = sourcecode.swift; path = ConnectScreenView.swift; sourceTree = "<group>"; };
		86DAA03A29070C4F00CD3577 /* stylePlaceholder.swift */ = {isa = PBXFileReference; lastKnownFileType = sourcecode.swift; path = stylePlaceholder.swift; sourceTree = "<group>"; };
		86DAA03E29070C7B00CD3577 /* modelPlaceholder.swift */ = {isa = PBXFileReference; lastKnownFileType = sourcecode.swift; path = modelPlaceholder.swift; sourceTree = "<group>"; };
		86DAA0402907246700CD3577 /* Color+hex.swift */ = {isa = PBXFileReference; lastKnownFileType = sourcecode.swift; path = "Color+hex.swift"; sourceTree = "<group>"; };
/* End PBXFileReference section */

/* Begin PBXFrameworksBuildPhase section */
		86BCF49928F66F2100942758 /* Frameworks */ = {
			isa = PBXFrameworksBuildPhase;
			buildActionMask = 2147483647;
			files = (
			);
			runOnlyForDeploymentPostprocessing = 0;
		};
/* End PBXFrameworksBuildPhase section */

/* Begin PBXGroup section */
		86BCF49328F66F2100942758 = {
			isa = PBXGroup;
			children = (
				86BCF49E28F66F2100942758 /* Gera */,
				86BCF49D28F66F2100942758 /* Products */,
			);
			sourceTree = "<group>";
		};
		86BCF49D28F66F2100942758 /* Products */ = {
			isa = PBXGroup;
			children = (
				86BCF49C28F66F2100942758 /* Gera.app */,
			);
			name = Products;
			sourceTree = "<group>";
		};
		86BCF49E28F66F2100942758 /* Gera */ = {
			isa = PBXGroup;
			children = (
				86BCF4A128F66F2100942758 /* ContentView.swift */,
				86DAA03329070A1500CD3577 /* Style */,
				86DAA03229070A0D00CD3577 /* Manager */,
				86DAA03129070A0700CD3577 /* View */,
				86DAA03029070A0100CD3577 /* Model */,
				8602D0FC290117A200C85A6B /* Info.plist */,
				86BCF49F28F66F2100942758 /* GeraApp.swift */,
				86BCF4A328F66F2300942758 /* Assets.xcassets */,
				86BCF4A528F66F2300942758 /* Preview Content */,
			);
			path = Gera;
			sourceTree = "<group>";
		};
		86BCF4A528F66F2300942758 /* Preview Content */ = {
			isa = PBXGroup;
			children = (
				86BCF4A628F66F2300942758 /* Preview Assets.xcassets */,
			);
			path = "Preview Content";
			sourceTree = "<group>";
		};
		86DAA03029070A0100CD3577 /* Model */ = {
			isa = PBXGroup;
			children = (
				86DAA03E29070C7B00CD3577 /* modelPlaceholder.swift */,
			);
			path = Model;
			sourceTree = "<group>";
		};
		86DAA03129070A0700CD3577 /* View */ = {
			isa = PBXGroup;
			children = (
				86DAA03429070B9300CD3577 /* StartScreenView.swift */,
				86DAA03629070BA200CD3577 /* ColorTestView.swift */,
				86DAA03829070BB600CD3577 /* ConnectScreenView.swift */,
				476FF12B290861E50045E3DC /* BackgroundConnexionScreen.swift */,
			);
			path = View;
			sourceTree = "<group>";
		};
		86DAA03229070A0D00CD3577 /* Manager */ = {
			isa = PBXGroup;
			children = (
				86BCF4CD28FF23E100942758 /* GameConnectionManager.swift */,
			);
			path = Manager;
			sourceTree = "<group>";
		};
		86DAA03329070A1500CD3577 /* Style */ = {
			isa = PBXGroup;
			children = (
				86DAA03A29070C4F00CD3577 /* stylePlaceholder.swift */,
				86DAA0402907246700CD3577 /* Color+hex.swift */,
			);
			path = Style;
			sourceTree = "<group>";
		};
/* End PBXGroup section */

/* Begin PBXNativeTarget section */
		86BCF49B28F66F2100942758 /* Gera */ = {
			isa = PBXNativeTarget;
			buildConfigurationList = 86BCF4AA28F66F2300942758 /* Build configuration list for PBXNativeTarget "Gera" */;
			buildPhases = (
				86BCF49828F66F2100942758 /* Sources */,
				86BCF49928F66F2100942758 /* Frameworks */,
				86BCF49A28F66F2100942758 /* Resources */,
			);
			buildRules = (
			);
			dependencies = (
			);
			name = Gera;
			productName = Gera;
			productReference = 86BCF49C28F66F2100942758 /* Gera.app */;
			productType = "com.apple.product-type.application";
		};
/* End PBXNativeTarget section */

/* Begin PBXProject section */
		86BCF49428F66F2100942758 /* Project object */ = {
			isa = PBXProject;
			attributes = {
				BuildIndependentTargetsInParallel = 1;
				LastSwiftUpdateCheck = 1400;
				LastUpgradeCheck = 1400;
				TargetAttributes = {
					86BCF49B28F66F2100942758 = {
						CreatedOnToolsVersion = 14.0.1;
					};
				};
			};
			buildConfigurationList = 86BCF49728F66F2100942758 /* Build configuration list for PBXProject "Gera" */;
			compatibilityVersion = "Xcode 14.0";
			developmentRegion = en;
			hasScannedForEncodings = 0;
			knownRegions = (
				en,
				Base,
			);
			mainGroup = 86BCF49328F66F2100942758;
			productRefGroup = 86BCF49D28F66F2100942758 /* Products */;
			projectDirPath = "";
			projectRoot = "";
			targets = (
				86BCF49B28F66F2100942758 /* Gera */,
			);
		};
/* End PBXProject section */

/* Begin PBXResourcesBuildPhase section */
		86BCF49A28F66F2100942758 /* Resources */ = {
			isa = PBXResourcesBuildPhase;
			buildActionMask = 2147483647;
			files = (
				86BCF4A728F66F2300942758 /* Preview Assets.xcassets in Resources */,
				86BCF4A428F66F2300942758 /* Assets.xcassets in Resources */,
			);
			runOnlyForDeploymentPostprocessing = 0;
		};
/* End PBXResourcesBuildPhase section */

/* Begin PBXSourcesBuildPhase section */
		86BCF49828F66F2100942758 /* Sources */ = {
			isa = PBXSourcesBuildPhase;
			buildActionMask = 2147483647;
			files = (
				86BCF4A228F66F2100942758 /* ContentView.swift in Sources */,
				86DAA03729070BA200CD3577 /* ColorTestView.swift in Sources */,
				86DAA03529070B9300CD3577 /* StartScreenView.swift in Sources */,
				86BCF4A028F66F2100942758 /* GeraApp.swift in Sources */,
				86DAA03B29070C4F00CD3577 /* stylePlaceholder.swift in Sources */,
				476FF12C290861E50045E3DC /* BackgroundConnexionScreen.swift in Sources */,
				86DAA03F29070C7B00CD3577 /* modelPlaceholder.swift in Sources */,
				86DAA0412907246700CD3577 /* Color+hex.swift in Sources */,
				86BCF4CE28FF23E100942758 /* GameConnectionManager.swift in Sources */,
				86DAA03929070BB600CD3577 /* ConnectScreenView.swift in Sources */,
			);
			runOnlyForDeploymentPostprocessing = 0;
		};
/* End PBXSourcesBuildPhase section */

/* Begin XCBuildConfiguration section */
		86BCF4A828F66F2300942758 /* Debug */ = {
			isa = XCBuildConfiguration;
			buildSettings = {
				ALWAYS_SEARCH_USER_PATHS = NO;
				CLANG_ANALYZER_NONNULL = YES;
				CLANG_ANALYZER_NUMBER_OBJECT_CONVERSION = YES_AGGRESSIVE;
				CLANG_CXX_LANGUAGE_STANDARD = "gnu++20";
				CLANG_ENABLE_MODULES = YES;
				CLANG_ENABLE_OBJC_ARC = YES;
				CLANG_ENABLE_OBJC_WEAK = YES;
				CLANG_WARN_BLOCK_CAPTURE_AUTORELEASING = YES;
				CLANG_WARN_BOOL_CONVERSION = YES;
				CLANG_WARN_COMMA = YES;
				CLANG_WARN_CONSTANT_CONVERSION = YES;
				CLANG_WARN_DEPRECATED_OBJC_IMPLEMENTATIONS = YES;
				CLANG_WARN_DIRECT_OBJC_ISA_USAGE = YES_ERROR;
				CLANG_WARN_DOCUMENTATION_COMMENTS = YES;
				CLANG_WARN_EMPTY_BODY = YES;
				CLANG_WARN_ENUM_CONVERSION = YES;
				CLANG_WARN_INFINITE_RECURSION = YES;
				CLANG_WARN_INT_CONVERSION = YES;
				CLANG_WARN_NON_LITERAL_NULL_CONVERSION = YES;
				CLANG_WARN_OBJC_IMPLICIT_RETAIN_SELF = YES;
				CLANG_WARN_OBJC_LITERAL_CONVERSION = YES;
				CLANG_WARN_OBJC_ROOT_CLASS = YES_ERROR;
				CLANG_WARN_QUOTED_INCLUDE_IN_FRAMEWORK_HEADER = YES;
				CLANG_WARN_RANGE_LOOP_ANALYSIS = YES;
				CLANG_WARN_STRICT_PROTOTYPES = YES;
				CLANG_WARN_SUSPICIOUS_MOVE = YES;
				CLANG_WARN_UNGUARDED_AVAILABILITY = YES_AGGRESSIVE;
				CLANG_WARN_UNREACHABLE_CODE = YES;
				CLANG_WARN__DUPLICATE_METHOD_MATCH = YES;
				COPY_PHASE_STRIP = NO;
				DEBUG_INFORMATION_FORMAT = dwarf;
				ENABLE_STRICT_OBJC_MSGSEND = YES;
				ENABLE_TESTABILITY = YES;
				GCC_C_LANGUAGE_STANDARD = gnu11;
				GCC_DYNAMIC_NO_PIC = NO;
				GCC_NO_COMMON_BLOCKS = YES;
				GCC_OPTIMIZATION_LEVEL = 0;
				GCC_PREPROCESSOR_DEFINITIONS = (
					"DEBUG=1",
					"$(inherited)",
				);
				GCC_WARN_64_TO_32_BIT_CONVERSION = YES;
				GCC_WARN_ABOUT_RETURN_TYPE = YES_ERROR;
				GCC_WARN_UNDECLARED_SELECTOR = YES;
				GCC_WARN_UNINITIALIZED_AUTOS = YES_AGGRESSIVE;
				GCC_WARN_UNUSED_FUNCTION = YES;
				GCC_WARN_UNUSED_VARIABLE = YES;
				IPHONEOS_DEPLOYMENT_TARGET = 16.0;
				MTL_ENABLE_DEBUG_INFO = INCLUDE_SOURCE;
				MTL_FAST_MATH = YES;
				ONLY_ACTIVE_ARCH = YES;
				SDKROOT = iphoneos;
				SWIFT_ACTIVE_COMPILATION_CONDITIONS = DEBUG;
				SWIFT_OPTIMIZATION_LEVEL = "-Onone";
			};
			name = Debug;
		};
		86BCF4A928F66F2300942758 /* Release */ = {
			isa = XCBuildConfiguration;
			buildSettings = {
				ALWAYS_SEARCH_USER_PATHS = NO;
				CLANG_ANALYZER_NONNULL = YES;
				CLANG_ANALYZER_NUMBER_OBJECT_CONVERSION = YES_AGGRESSIVE;
				CLANG_CXX_LANGUAGE_STANDARD = "gnu++20";
				CLANG_ENABLE_MODULES = YES;
				CLANG_ENABLE_OBJC_ARC = YES;
				CLANG_ENABLE_OBJC_WEAK = YES;
				CLANG_WARN_BLOCK_CAPTURE_AUTORELEASING = YES;
				CLANG_WARN_BOOL_CONVERSION = YES;
				CLANG_WARN_COMMA = YES;
				CLANG_WARN_CONSTANT_CONVERSION = YES;
				CLANG_WARN_DEPRECATED_OBJC_IMPLEMENTATIONS = YES;
				CLANG_WARN_DIRECT_OBJC_ISA_USAGE = YES_ERROR;
				CLANG_WARN_DOCUMENTATION_COMMENTS = YES;
				CLANG_WARN_EMPTY_BODY = YES;
				CLANG_WARN_ENUM_CONVERSION = YES;
				CLANG_WARN_INFINITE_RECURSION = YES;
				CLANG_WARN_INT_CONVERSION = YES;
				CLANG_WARN_NON_LITERAL_NULL_CONVERSION = YES;
				CLANG_WARN_OBJC_IMPLICIT_RETAIN_SELF = YES;
				CLANG_WARN_OBJC_LITERAL_CONVERSION = YES;
				CLANG_WARN_OBJC_ROOT_CLASS = YES_ERROR;
				CLANG_WARN_QUOTED_INCLUDE_IN_FRAMEWORK_HEADER = YES;
				CLANG_WARN_RANGE_LOOP_ANALYSIS = YES;
				CLANG_WARN_STRICT_PROTOTYPES = YES;
				CLANG_WARN_SUSPICIOUS_MOVE = YES;
				CLANG_WARN_UNGUARDED_AVAILABILITY = YES_AGGRESSIVE;
				CLANG_WARN_UNREACHABLE_CODE = YES;
				CLANG_WARN__DUPLICATE_METHOD_MATCH = YES;
				COPY_PHASE_STRIP = NO;
				DEBUG_INFORMATION_FORMAT = "dwarf-with-dsym";
				ENABLE_NS_ASSERTIONS = NO;
				ENABLE_STRICT_OBJC_MSGSEND = YES;
				GCC_C_LANGUAGE_STANDARD = gnu11;
				GCC_NO_COMMON_BLOCKS = YES;
				GCC_WARN_64_TO_32_BIT_CONVERSION = YES;
				GCC_WARN_ABOUT_RETURN_TYPE = YES_ERROR;
				GCC_WARN_UNDECLARED_SELECTOR = YES;
				GCC_WARN_UNINITIALIZED_AUTOS = YES_AGGRESSIVE;
				GCC_WARN_UNUSED_FUNCTION = YES;
				GCC_WARN_UNUSED_VARIABLE = YES;
				IPHONEOS_DEPLOYMENT_TARGET = 16.0;
				MTL_ENABLE_DEBUG_INFO = NO;
				MTL_FAST_MATH = YES;
				SDKROOT = iphoneos;
				SWIFT_COMPILATION_MODE = wholemodule;
				SWIFT_OPTIMIZATION_LEVEL = "-O";
				VALIDATE_PRODUCT = YES;
			};
			name = Release;
		};
		86BCF4AB28F66F2300942758 /* Debug */ = {
			isa = XCBuildConfiguration;
			buildSettings = {
				ASSETCATALOG_COMPILER_APPICON_NAME = AppIcon;
				ASSETCATALOG_COMPILER_GLOBAL_ACCENT_COLOR_NAME = AccentColor;
				CODE_SIGN_STYLE = Automatic;
				CURRENT_PROJECT_VERSION = 1;
				DEVELOPMENT_ASSET_PATHS = "\"Gera/Preview Content\"";
				DEVELOPMENT_TEAM = L3ZW5SA328;
				ENABLE_PREVIEWS = YES;
				GENERATE_INFOPLIST_FILE = YES;
				INFOPLIST_FILE = Gera/Info.plist;
				INFOPLIST_KEY_NSLocalNetworkUsageDescription = aceitar;
				INFOPLIST_KEY_UIApplicationSceneManifest_Generation = YES;
				INFOPLIST_KEY_UIApplicationSupportsIndirectInputEvents = YES;
				INFOPLIST_KEY_UILaunchScreen_Generation = YES;
				INFOPLIST_KEY_UISupportedInterfaceOrientations_iPad = "UIInterfaceOrientationPortrait UIInterfaceOrientationPortraitUpsideDown UIInterfaceOrientationLandscapeLeft UIInterfaceOrientationLandscapeRight";
				INFOPLIST_KEY_UISupportedInterfaceOrientations_iPhone = "UIInterfaceOrientationPortrait UIInterfaceOrientationLandscapeLeft UIInterfaceOrientationLandscapeRight";
				LD_RUNPATH_SEARCH_PATHS = (
					"$(inherited)",
					"@executable_path/Frameworks",
				);
				MARKETING_VERSION = 1.0;
				PRODUCT_BUNDLE_IDENTIFIER = br.ufpe.cin.academy.Gera;
				PRODUCT_NAME = "$(TARGET_NAME)";
				SWIFT_EMIT_LOC_STRINGS = YES;
				SWIFT_VERSION = 5.0;
				TARGETED_DEVICE_FAMILY = "1,2";
			};
			name = Debug;
		};
		86BCF4AC28F66F2300942758 /* Release */ = {
			isa = XCBuildConfiguration;
			buildSettings = {
				ASSETCATALOG_COMPILER_APPICON_NAME = AppIcon;
				ASSETCATALOG_COMPILER_GLOBAL_ACCENT_COLOR_NAME = AccentColor;
				CODE_SIGN_STYLE = Automatic;
				CURRENT_PROJECT_VERSION = 1;
				DEVELOPMENT_ASSET_PATHS = "\"Gera/Preview Content\"";
				DEVELOPMENT_TEAM = L3ZW5SA328;
				ENABLE_PREVIEWS = YES;
				GENERATE_INFOPLIST_FILE = YES;
				INFOPLIST_FILE = Gera/Info.plist;
				INFOPLIST_KEY_NSLocalNetworkUsageDescription = aceitar;
				INFOPLIST_KEY_UIApplicationSceneManifest_Generation = YES;
				INFOPLIST_KEY_UIApplicationSupportsIndirectInputEvents = YES;
				INFOPLIST_KEY_UILaunchScreen_Generation = YES;
				INFOPLIST_KEY_UISupportedInterfaceOrientations_iPad = "UIInterfaceOrientationPortrait UIInterfaceOrientationPortraitUpsideDown UIInterfaceOrientationLandscapeLeft UIInterfaceOrientationLandscapeRight";
				INFOPLIST_KEY_UISupportedInterfaceOrientations_iPhone = "UIInterfaceOrientationPortrait UIInterfaceOrientationLandscapeLeft UIInterfaceOrientationLandscapeRight";
				LD_RUNPATH_SEARCH_PATHS = (
					"$(inherited)",
					"@executable_path/Frameworks",
				);
				MARKETING_VERSION = 1.0;
				PRODUCT_BUNDLE_IDENTIFIER = br.ufpe.cin.academy.Gera;
				PRODUCT_NAME = "$(TARGET_NAME)";
				SWIFT_EMIT_LOC_STRINGS = YES;
				SWIFT_VERSION = 5.0;
				TARGETED_DEVICE_FAMILY = "1,2";
			};
			name = Release;
		};
/* End XCBuildConfiguration section */

/* Begin XCConfigurationList section */
		86BCF49728F66F2100942758 /* Build configuration list for PBXProject "Gera" */ = {
			isa = XCConfigurationList;
			buildConfigurations = (
				86BCF4A828F66F2300942758 /* Debug */,
				86BCF4A928F66F2300942758 /* Release */,
			);
			defaultConfigurationIsVisible = 0;
			defaultConfigurationName = Release;
		};
		86BCF4AA28F66F2300942758 /* Build configuration list for PBXNativeTarget "Gera" */ = {
			isa = XCConfigurationList;
			buildConfigurations = (
				86BCF4AB28F66F2300942758 /* Debug */,
				86BCF4AC28F66F2300942758 /* Release */,
			);
			defaultConfigurationIsVisible = 0;
			defaultConfigurationName = Release;
		};
/* End XCConfigurationList section */
	};
	rootObject = 86BCF49428F66F2100942758 /* Project object */;
}
